// !$*UTF8*$!
{
	archiveVersion = 1;
	classes = {
	};
	objectVersion = 55;
	objects = {

/* Begin PBXBuildFile section */
		D80E14A4283B8BD40014FD09 /* TaboolaSwiftUIApp.swift in Sources */ = {isa = PBXBuildFile; fileRef = D80E14A3283B8BD40014FD09 /* TaboolaSwiftUIApp.swift */; };
		D80E14A8283B8BD50014FD09 /* Assets.xcassets in Resources */ = {isa = PBXBuildFile; fileRef = D80E14A7283B8BD50014FD09 /* Assets.xcassets */; };
		D80E14AB283B8BD50014FD09 /* Preview Assets.xcassets in Resources */ = {isa = PBXBuildFile; fileRef = D80E14AA283B8BD50014FD09 /* Preview Assets.xcassets */; };
		D80E14BB283B8C680014FD09 /* LazyVStackView.swift in Sources */ = {isa = PBXBuildFile; fileRef = D80E14B2283B8C680014FD09 /* LazyVStackView.swift */; };
		D80E14BC283B8C680014FD09 /* ListView.swift in Sources */ = {isa = PBXBuildFile; fileRef = D80E14B3283B8C680014FD09 /* ListView.swift */; };
		D80E14BD283B8C680014FD09 /* RootView.swift in Sources */ = {isa = PBXBuildFile; fileRef = D80E14B4283B8C680014FD09 /* RootView.swift */; };
		D80E14BE283B8C680014FD09 /* TabView.swift in Sources */ = {isa = PBXBuildFile; fileRef = D80E14B5283B8C680014FD09 /* TabView.swift */; };
		D80E14BF283B8C680014FD09 /* LazyVGridView.swift in Sources */ = {isa = PBXBuildFile; fileRef = D80E14B6283B8C680014FD09 /* LazyVGridView.swift */; };
		D80E14C0283B8C680014FD09 /* ScrollView.swift in Sources */ = {isa = PBXBuildFile; fileRef = D80E14B7283B8C680014FD09 /* ScrollView.swift */; };
		D80E14C1283B8C680014FD09 /* LoremText.swift in Sources */ = {isa = PBXBuildFile; fileRef = D80E14B8283B8C680014FD09 /* LoremText.swift */; };
		D80E14C2283B8C680014FD09 /* VStackView.swift in Sources */ = {isa = PBXBuildFile; fileRef = D80E14B9283B8C680014FD09 /* VStackView.swift */; };
		D80E14C3283B8C680014FD09 /* PageView.swift in Sources */ = {isa = PBXBuildFile; fileRef = D80E14BA283B8C680014FD09 /* PageView.swift */; };
		D80E14C7283B8C810014FD09 /* ClassicPageWrapper.swift in Sources */ = {isa = PBXBuildFile; fileRef = D80E14C5283B8C810014FD09 /* ClassicPageWrapper.swift */; };
		D80E14C8283B8C810014FD09 /* ClassicUnitSwiftUI.swift in Sources */ = {isa = PBXBuildFile; fileRef = D80E14C6283B8C810014FD09 /* ClassicUnitSwiftUI.swift */; };
		D80E14CE283B8C8E0014FD09 /* ReusableViewsQueue.swift in Sources */ = {isa = PBXBuildFile; fileRef = D80E14CA283B8C8E0014FD09 /* ReusableViewsQueue.swift */; };
		D80E14CF283B8C8E0014FD09 /* Constans.swift in Sources */ = {isa = PBXBuildFile; fileRef = D80E14CB283B8C8E0014FD09 /* Constans.swift */; };
		D80E14D0283B8C8E0014FD09 /* LazyView.swift in Sources */ = {isa = PBXBuildFile; fileRef = D80E14CC283B8C8E0014FD09 /* LazyView.swift */; };
		D80E14D1283B8C8E0014FD09 /* WeakArrayWrapper.swift in Sources */ = {isa = PBXBuildFile; fileRef = D80E14CD283B8C8E0014FD09 /* WeakArrayWrapper.swift */; };
		D88DCBFF28461E2B00C97E05 /* TaboolaSDK in Frameworks */ = {isa = PBXBuildFile; productRef = D88DCBFE28461E2B00C97E05 /* TaboolaSDK */; };
/* End PBXBuildFile section */

/* Begin PBXFileReference section */
		D80E14A0283B8BD40014FD09 /* ios-sdk-swift-ui-examples-3x.app */ = {isa = PBXFileReference; explicitFileType = wrapper.application; includeInIndex = 0; path = "ios-sdk-swift-ui-examples-3x.app"; sourceTree = BUILT_PRODUCTS_DIR; };
		D80E14A3283B8BD40014FD09 /* TaboolaSwiftUIApp.swift */ = {isa = PBXFileReference; lastKnownFileType = sourcecode.swift; path = TaboolaSwiftUIApp.swift; sourceTree = "<group>"; };
		D80E14A7283B8BD50014FD09 /* Assets.xcassets */ = {isa = PBXFileReference; lastKnownFileType = folder.assetcatalog; path = Assets.xcassets; sourceTree = "<group>"; };
		D80E14AA283B8BD50014FD09 /* Preview Assets.xcassets */ = {isa = PBXFileReference; lastKnownFileType = folder.assetcatalog; path = "Preview Assets.xcassets"; sourceTree = "<group>"; };
		D80E14B2283B8C680014FD09 /* LazyVStackView.swift */ = {isa = PBXFileReference; fileEncoding = 4; lastKnownFileType = sourcecode.swift; path = LazyVStackView.swift; sourceTree = "<group>"; };
		D80E14B3283B8C680014FD09 /* ListView.swift */ = {isa = PBXFileReference; fileEncoding = 4; lastKnownFileType = sourcecode.swift; path = ListView.swift; sourceTree = "<group>"; };
		D80E14B4283B8C680014FD09 /* RootView.swift */ = {isa = PBXFileReference; fileEncoding = 4; lastKnownFileType = sourcecode.swift; path = RootView.swift; sourceTree = "<group>"; };
		D80E14B5283B8C680014FD09 /* TabView.swift */ = {isa = PBXFileReference; fileEncoding = 4; lastKnownFileType = sourcecode.swift; path = TabView.swift; sourceTree = "<group>"; };
		D80E14B6283B8C680014FD09 /* LazyVGridView.swift */ = {isa = PBXFileReference; fileEncoding = 4; lastKnownFileType = sourcecode.swift; path = LazyVGridView.swift; sourceTree = "<group>"; };
		D80E14B7283B8C680014FD09 /* ScrollView.swift */ = {isa = PBXFileReference; fileEncoding = 4; lastKnownFileType = sourcecode.swift; path = ScrollView.swift; sourceTree = "<group>"; };
		D80E14B8283B8C680014FD09 /* LoremText.swift */ = {isa = PBXFileReference; fileEncoding = 4; lastKnownFileType = sourcecode.swift; path = LoremText.swift; sourceTree = "<group>"; };
		D80E14B9283B8C680014FD09 /* VStackView.swift */ = {isa = PBXFileReference; fileEncoding = 4; lastKnownFileType = sourcecode.swift; path = VStackView.swift; sourceTree = "<group>"; };
		D80E14BA283B8C680014FD09 /* PageView.swift */ = {isa = PBXFileReference; fileEncoding = 4; lastKnownFileType = sourcecode.swift; path = PageView.swift; sourceTree = "<group>"; };
		D80E14C5283B8C810014FD09 /* ClassicPageWrapper.swift */ = {isa = PBXFileReference; fileEncoding = 4; lastKnownFileType = sourcecode.swift; path = ClassicPageWrapper.swift; sourceTree = "<group>"; };
		D80E14C6283B8C810014FD09 /* ClassicUnitSwiftUI.swift */ = {isa = PBXFileReference; fileEncoding = 4; lastKnownFileType = sourcecode.swift; path = ClassicUnitSwiftUI.swift; sourceTree = "<group>"; };
		D80E14CA283B8C8E0014FD09 /* ReusableViewsQueue.swift */ = {isa = PBXFileReference; fileEncoding = 4; lastKnownFileType = sourcecode.swift; path = ReusableViewsQueue.swift; sourceTree = "<group>"; };
		D80E14CB283B8C8E0014FD09 /* Constans.swift */ = {isa = PBXFileReference; fileEncoding = 4; lastKnownFileType = sourcecode.swift; path = Constans.swift; sourceTree = "<group>"; };
		D80E14CC283B8C8E0014FD09 /* LazyView.swift */ = {isa = PBXFileReference; fileEncoding = 4; lastKnownFileType = sourcecode.swift; path = LazyView.swift; sourceTree = "<group>"; };
		D80E14CD283B8C8E0014FD09 /* WeakArrayWrapper.swift */ = {isa = PBXFileReference; fileEncoding = 4; lastKnownFileType = sourcecode.swift; path = WeakArrayWrapper.swift; sourceTree = "<group>"; };
/* End PBXFileReference section */

/* Begin PBXFrameworksBuildPhase section */
		D80E149D283B8BD40014FD09 /* Frameworks */ = {
			isa = PBXFrameworksBuildPhase;
			buildActionMask = 2147483647;
			files = (
				D88DCBFF28461E2B00C97E05 /* TaboolaSDK in Frameworks */,
			);
			runOnlyForDeploymentPostprocessing = 0;
		};
/* End PBXFrameworksBuildPhase section */

/* Begin PBXGroup section */
		D80E1497283B8BD40014FD09 = {
			isa = PBXGroup;
			children = (
				D80E14A2283B8BD40014FD09 /* ios-sdk-swift-ui-examples-3x */,
				D80E14A1283B8BD40014FD09 /* Products */,
			);
			sourceTree = "<group>";
		};
		D80E14A1283B8BD40014FD09 /* Products */ = {
			isa = PBXGroup;
			children = (
				D80E14A0283B8BD40014FD09 /* ios-sdk-swift-ui-examples-3x.app */,
			);
			name = Products;
			sourceTree = "<group>";
		};
		D80E14A2283B8BD40014FD09 /* ios-sdk-swift-ui-examples-3x */ = {
			isa = PBXGroup;
			children = (
				D80E14A3283B8BD40014FD09 /* TaboolaSwiftUIApp.swift */,
				D80E14B1283B8C680014FD09 /* Views */,
				D80E14C4283B8C810014FD09 /* Adaptors */,
				D80E14C9283B8C8E0014FD09 /* Helpers */,
				D80E14A9283B8BD50014FD09 /* Preview Content */,
				D80E14A7283B8BD50014FD09 /* Assets.xcassets */,
			);
			path = "ios-sdk-swift-ui-examples-3x";
			sourceTree = "<group>";
		};
		D80E14A9283B8BD50014FD09 /* Preview Content */ = {
			isa = PBXGroup;
			children = (
				D80E14AA283B8BD50014FD09 /* Preview Assets.xcassets */,
			);
			path = "Preview Content";
			sourceTree = "<group>";
		};
		D80E14B1283B8C680014FD09 /* Views */ = {
			isa = PBXGroup;
			children = (
				D80E14B4283B8C680014FD09 /* RootView.swift */,
				D80E14B7283B8C680014FD09 /* ScrollView.swift */,
				D80E14B9283B8C680014FD09 /* VStackView.swift */,
				D80E14B2283B8C680014FD09 /* LazyVStackView.swift */,
				D80E14B6283B8C680014FD09 /* LazyVGridView.swift */,
				D80E14B3283B8C680014FD09 /* ListView.swift */,
				D80E14B5283B8C680014FD09 /* TabView.swift */,
				D80E14BA283B8C680014FD09 /* PageView.swift */,
			);
			path = Views;
			sourceTree = "<group>";
		};
		D80E14C4283B8C810014FD09 /* Adaptors */ = {
			isa = PBXGroup;
			children = (
				D80E14C5283B8C810014FD09 /* ClassicPageWrapper.swift */,
				D80E14C6283B8C810014FD09 /* ClassicUnitSwiftUI.swift */,
			);
			path = Adaptors;
			sourceTree = "<group>";
		};
		D80E14C9283B8C8E0014FD09 /* Helpers */ = {
			isa = PBXGroup;
			children = (
				D80E14B8283B8C680014FD09 /* LoremText.swift */,
				D80E14CA283B8C8E0014FD09 /* ReusableViewsQueue.swift */,
				D80E14CB283B8C8E0014FD09 /* Constans.swift */,
				D80E14CC283B8C8E0014FD09 /* LazyView.swift */,
				D80E14CD283B8C8E0014FD09 /* WeakArrayWrapper.swift */,
			);
			path = Helpers;
			sourceTree = "<group>";
		};
/* End PBXGroup section */

/* Begin PBXNativeTarget section */
		D80E149F283B8BD40014FD09 /* ios-sdk-swift-ui-examples-3x */ = {
			isa = PBXNativeTarget;
			buildConfigurationList = D80E14AE283B8BD50014FD09 /* Build configuration list for PBXNativeTarget "ios-sdk-swift-ui-examples-3x" */;
			buildPhases = (
				D80E149C283B8BD40014FD09 /* Sources */,
				D80E149D283B8BD40014FD09 /* Frameworks */,
				D80E149E283B8BD40014FD09 /* Resources */,
			);
			buildRules = (
			);
			dependencies = (
			);
			name = "ios-sdk-swift-ui-examples-3x";
			packageProductDependencies = (
				D88DCBFE28461E2B00C97E05 /* TaboolaSDK */,
			);
			productName = "ios-sdk-swift-ui-examples-3x";
			productReference = D80E14A0283B8BD40014FD09 /* ios-sdk-swift-ui-examples-3x.app */;
			productType = "com.apple.product-type.application";
		};
/* End PBXNativeTarget section */

/* Begin PBXProject section */
		D80E1498283B8BD40014FD09 /* Project object */ = {
			isa = PBXProject;
			attributes = {
				BuildIndependentTargetsInParallel = 1;
				LastSwiftUpdateCheck = 1330;
				LastUpgradeCheck = 1330;
				TargetAttributes = {
					D80E149F283B8BD40014FD09 = {
						CreatedOnToolsVersion = 13.3;
					};
				};
			};
			buildConfigurationList = D80E149B283B8BD40014FD09 /* Build configuration list for PBXProject "ios-sdk-swift-ui-examples-3x" */;
			compatibilityVersion = "Xcode 13.0";
			developmentRegion = en;
			hasScannedForEncodings = 0;
			knownRegions = (
				en,
				Base,
			);
			mainGroup = D80E1497283B8BD40014FD09;
			packageReferences = (
				D88DCBFD28461E2B00C97E05 /* XCRemoteSwiftPackageReference "taboola-spm-ios-sdk" */,
			);
			productRefGroup = D80E14A1283B8BD40014FD09 /* Products */;
			projectDirPath = "";
			projectRoot = "";
			targets = (
				D80E149F283B8BD40014FD09 /* ios-sdk-swift-ui-examples-3x */,
			);
		};
/* End PBXProject section */

/* Begin PBXResourcesBuildPhase section */
		D80E149E283B8BD40014FD09 /* Resources */ = {
			isa = PBXResourcesBuildPhase;
			buildActionMask = 2147483647;
			files = (
				D80E14AB283B8BD50014FD09 /* Preview Assets.xcassets in Resources */,
				D80E14A8283B8BD50014FD09 /* Assets.xcassets in Resources */,
			);
			runOnlyForDeploymentPostprocessing = 0;
		};
/* End PBXResourcesBuildPhase section */

/* Begin PBXSourcesBuildPhase section */
		D80E149C283B8BD40014FD09 /* Sources */ = {
			isa = PBXSourcesBuildPhase;
			buildActionMask = 2147483647;
			files = (
				D80E14CE283B8C8E0014FD09 /* ReusableViewsQueue.swift in Sources */,
				D80E14C7283B8C810014FD09 /* ClassicPageWrapper.swift in Sources */,
				D80E14BE283B8C680014FD09 /* TabView.swift in Sources */,
				D80E14D0283B8C8E0014FD09 /* LazyView.swift in Sources */,
				D80E14C0283B8C680014FD09 /* ScrollView.swift in Sources */,
				D80E14BD283B8C680014FD09 /* RootView.swift in Sources */,
				D80E14BB283B8C680014FD09 /* LazyVStackView.swift in Sources */,
				D80E14BF283B8C680014FD09 /* LazyVGridView.swift in Sources */,
				D80E14C3283B8C680014FD09 /* PageView.swift in Sources */,
				D80E14D1283B8C8E0014FD09 /* WeakArrayWrapper.swift in Sources */,
				D80E14A4283B8BD40014FD09 /* TaboolaSwiftUIApp.swift in Sources */,
				D80E14C8283B8C810014FD09 /* ClassicUnitSwiftUI.swift in Sources */,
				D80E14C2283B8C680014FD09 /* VStackView.swift in Sources */,
				D80E14C1283B8C680014FD09 /* LoremText.swift in Sources */,
				D80E14CF283B8C8E0014FD09 /* Constans.swift in Sources */,
				D80E14BC283B8C680014FD09 /* ListView.swift in Sources */,
			);
			runOnlyForDeploymentPostprocessing = 0;
		};
/* End PBXSourcesBuildPhase section */

/* Begin XCBuildConfiguration section */
		D80E14AC283B8BD50014FD09 /* Debug */ = {
			isa = XCBuildConfiguration;
			buildSettings = {
				ALWAYS_SEARCH_USER_PATHS = NO;
				CLANG_ANALYZER_NONNULL = YES;
				CLANG_ANALYZER_NUMBER_OBJECT_CONVERSION = YES_AGGRESSIVE;
				CLANG_CXX_LANGUAGE_STANDARD = "gnu++17";
				CLANG_ENABLE_MODULES = YES;
				CLANG_ENABLE_OBJC_ARC = YES;
				CLANG_ENABLE_OBJC_WEAK = YES;
				CLANG_WARN_BLOCK_CAPTURE_AUTORELEASING = YES;
				CLANG_WARN_BOOL_CONVERSION = YES;
				CLANG_WARN_COMMA = YES;
				CLANG_WARN_CONSTANT_CONVERSION = YES;
				CLANG_WARN_DEPRECATED_OBJC_IMPLEMENTATIONS = YES;
				CLANG_WARN_DIRECT_OBJC_ISA_USAGE = YES_ERROR;
				CLANG_WARN_DOCUMENTATION_COMMENTS = YES;
				CLANG_WARN_EMPTY_BODY = YES;
				CLANG_WARN_ENUM_CONVERSION = YES;
				CLANG_WARN_INFINITE_RECURSION = YES;
				CLANG_WARN_INT_CONVERSION = YES;
				CLANG_WARN_NON_LITERAL_NULL_CONVERSION = YES;
				CLANG_WARN_OBJC_IMPLICIT_RETAIN_SELF = YES;
				CLANG_WARN_OBJC_LITERAL_CONVERSION = YES;
				CLANG_WARN_OBJC_ROOT_CLASS = YES_ERROR;
				CLANG_WARN_QUOTED_INCLUDE_IN_FRAMEWORK_HEADER = YES;
				CLANG_WARN_RANGE_LOOP_ANALYSIS = YES;
				CLANG_WARN_STRICT_PROTOTYPES = YES;
				CLANG_WARN_SUSPICIOUS_MOVE = YES;
				CLANG_WARN_UNGUARDED_AVAILABILITY = YES_AGGRESSIVE;
				CLANG_WARN_UNREACHABLE_CODE = YES;
				CLANG_WARN__DUPLICATE_METHOD_MATCH = YES;
				COPY_PHASE_STRIP = NO;
				DEBUG_INFORMATION_FORMAT = dwarf;
				ENABLE_STRICT_OBJC_MSGSEND = YES;
				ENABLE_TESTABILITY = YES;
				GCC_C_LANGUAGE_STANDARD = gnu11;
				GCC_DYNAMIC_NO_PIC = NO;
				GCC_NO_COMMON_BLOCKS = YES;
				GCC_OPTIMIZATION_LEVEL = 0;
				GCC_PREPROCESSOR_DEFINITIONS = (
					"DEBUG=1",
					"$(inherited)",
				);
				GCC_WARN_64_TO_32_BIT_CONVERSION = YES;
				GCC_WARN_ABOUT_RETURN_TYPE = YES_ERROR;
				GCC_WARN_UNDECLARED_SELECTOR = YES;
				GCC_WARN_UNINITIALIZED_AUTOS = YES_AGGRESSIVE;
				GCC_WARN_UNUSED_FUNCTION = YES;
				GCC_WARN_UNUSED_VARIABLE = YES;
				IPHONEOS_DEPLOYMENT_TARGET = 15.4;
				MTL_ENABLE_DEBUG_INFO = INCLUDE_SOURCE;
				MTL_FAST_MATH = YES;
				ONLY_ACTIVE_ARCH = YES;
				SDKROOT = iphoneos;
				SWIFT_ACTIVE_COMPILATION_CONDITIONS = DEBUG;
				SWIFT_OPTIMIZATION_LEVEL = "-Onone";
			};
			name = Debug;
		};
		D80E14AD283B8BD50014FD09 /* Release */ = {
			isa = XCBuildConfiguration;
			buildSettings = {
				ALWAYS_SEARCH_USER_PATHS = NO;
				CLANG_ANALYZER_NONNULL = YES;
				CLANG_ANALYZER_NUMBER_OBJECT_CONVERSION = YES_AGGRESSIVE;
				CLANG_CXX_LANGUAGE_STANDARD = "gnu++17";
				CLANG_ENABLE_MODULES = YES;
				CLANG_ENABLE_OBJC_ARC = YES;
				CLANG_ENABLE_OBJC_WEAK = YES;
				CLANG_WARN_BLOCK_CAPTURE_AUTORELEASING = YES;
				CLANG_WARN_BOOL_CONVERSION = YES;
				CLANG_WARN_COMMA = YES;
				CLANG_WARN_CONSTANT_CONVERSION = YES;
				CLANG_WARN_DEPRECATED_OBJC_IMPLEMENTATIONS = YES;
				CLANG_WARN_DIRECT_OBJC_ISA_USAGE = YES_ERROR;
				CLANG_WARN_DOCUMENTATION_COMMENTS = YES;
				CLANG_WARN_EMPTY_BODY = YES;
				CLANG_WARN_ENUM_CONVERSION = YES;
				CLANG_WARN_INFINITE_RECURSION = YES;
				CLANG_WARN_INT_CONVERSION = YES;
				CLANG_WARN_NON_LITERAL_NULL_CONVERSION = YES;
				CLANG_WARN_OBJC_IMPLICIT_RETAIN_SELF = YES;
				CLANG_WARN_OBJC_LITERAL_CONVERSION = YES;
				CLANG_WARN_OBJC_ROOT_CLASS = YES_ERROR;
				CLANG_WARN_QUOTED_INCLUDE_IN_FRAMEWORK_HEADER = YES;
				CLANG_WARN_RANGE_LOOP_ANALYSIS = YES;
				CLANG_WARN_STRICT_PROTOTYPES = YES;
				CLANG_WARN_SUSPICIOUS_MOVE = YES;
				CLANG_WARN_UNGUARDED_AVAILABILITY = YES_AGGRESSIVE;
				CLANG_WARN_UNREACHABLE_CODE = YES;
				CLANG_WARN__DUPLICATE_METHOD_MATCH = YES;
				COPY_PHASE_STRIP = NO;
				DEBUG_INFORMATION_FORMAT = "dwarf-with-dsym";
				ENABLE_NS_ASSERTIONS = NO;
				ENABLE_STRICT_OBJC_MSGSEND = YES;
				GCC_C_LANGUAGE_STANDARD = gnu11;
				GCC_NO_COMMON_BLOCKS = YES;
				GCC_WARN_64_TO_32_BIT_CONVERSION = YES;
				GCC_WARN_ABOUT_RETURN_TYPE = YES_ERROR;
				GCC_WARN_UNDECLARED_SELECTOR = YES;
				GCC_WARN_UNINITIALIZED_AUTOS = YES_AGGRESSIVE;
				GCC_WARN_UNUSED_FUNCTION = YES;
				GCC_WARN_UNUSED_VARIABLE = YES;
				IPHONEOS_DEPLOYMENT_TARGET = 15.4;
				MTL_ENABLE_DEBUG_INFO = NO;
				MTL_FAST_MATH = YES;
				SDKROOT = iphoneos;
				SWIFT_COMPILATION_MODE = wholemodule;
				SWIFT_OPTIMIZATION_LEVEL = "-O";
				VALIDATE_PRODUCT = YES;
			};
			name = Release;
		};
		D80E14AF283B8BD50014FD09 /* Debug */ = {
			isa = XCBuildConfiguration;
			buildSettings = {
				ASSETCATALOG_COMPILER_APPICON_NAME = AppIcon;
				ASSETCATALOG_COMPILER_GLOBAL_ACCENT_COLOR_NAME = AccentColor;
				CODE_SIGN_STYLE = Automatic;
				CURRENT_PROJECT_VERSION = 1;
				DEVELOPMENT_ASSET_PATHS = "\"ios-sdk-swift-ui-examples-3x/Preview Content\"";
				DEVELOPMENT_TEAM = P4YBSJEM3U;
				ENABLE_PREVIEWS = YES;
				GENERATE_INFOPLIST_FILE = YES;
				INFOPLIST_KEY_UIApplicationSceneManifest_Generation = YES;
				INFOPLIST_KEY_UIApplicationSupportsIndirectInputEvents = YES;
				INFOPLIST_KEY_UILaunchScreen_Generation = YES;
				INFOPLIST_KEY_UISupportedInterfaceOrientations_iPad = "UIInterfaceOrientationPortrait UIInterfaceOrientationPortraitUpsideDown UIInterfaceOrientationLandscapeLeft UIInterfaceOrientationLandscapeRight";
				INFOPLIST_KEY_UISupportedInterfaceOrientations_iPhone = "UIInterfaceOrientationPortrait UIInterfaceOrientationLandscapeLeft UIInterfaceOrientationLandscapeRight";
				IPHONEOS_DEPLOYMENT_TARGET = 14.0;
				LD_RUNPATH_SEARCH_PATHS = (
					"$(inherited)",
					"@executable_path/Frameworks",
				);
				MARKETING_VERSION = 1.0;
				PRODUCT_BUNDLE_IDENTIFIER = "taboola.ios-sdk-swift-ui-examples-3x";
				PRODUCT_NAME = "$(TARGET_NAME)";
				SWIFT_EMIT_LOC_STRINGS = YES;
				SWIFT_VERSION = 5.0;
				TARGETED_DEVICE_FAMILY = "1,2";
			};
			name = Debug;
		};
		D80E14B0283B8BD50014FD09 /* Release */ = {
			isa = XCBuildConfiguration;
			buildSettings = {
				ASSETCATALOG_COMPILER_APPICON_NAME = AppIcon;
				ASSETCATALOG_COMPILER_GLOBAL_ACCENT_COLOR_NAME = AccentColor;
				CODE_SIGN_STYLE = Automatic;
				CURRENT_PROJECT_VERSION = 1;
				DEVELOPMENT_ASSET_PATHS = "\"ios-sdk-swift-ui-examples-3x/Preview Content\"";
				DEVELOPMENT_TEAM = P4YBSJEM3U;
				ENABLE_PREVIEWS = YES;
				GENERATE_INFOPLIST_FILE = YES;
				INFOPLIST_KEY_UIApplicationSceneManifest_Generation = YES;
				INFOPLIST_KEY_UIApplicationSupportsIndirectInputEvents = YES;
				INFOPLIST_KEY_UILaunchScreen_Generation = YES;
				INFOPLIST_KEY_UISupportedInterfaceOrientations_iPad = "UIInterfaceOrientationPortrait UIInterfaceOrientationPortraitUpsideDown UIInterfaceOrientationLandscapeLeft UIInterfaceOrientationLandscapeRight";
				INFOPLIST_KEY_UISupportedInterfaceOrientations_iPhone = "UIInterfaceOrientationPortrait UIInterfaceOrientationLandscapeLeft UIInterfaceOrientationLandscapeRight";
				IPHONEOS_DEPLOYMENT_TARGET = 14.0;
				LD_RUNPATH_SEARCH_PATHS = (
					"$(inherited)",
					"@executable_path/Frameworks",
				);
				MARKETING_VERSION = 1.0;
				PRODUCT_BUNDLE_IDENTIFIER = "taboola.ios-sdk-swift-ui-examples-3x";
				PRODUCT_NAME = "$(TARGET_NAME)";
				SWIFT_EMIT_LOC_STRINGS = YES;
				SWIFT_VERSION = 5.0;
				TARGETED_DEVICE_FAMILY = "1,2";
			};
			name = Release;
		};
/* End XCBuildConfiguration section */

/* Begin XCConfigurationList section */
		D80E149B283B8BD40014FD09 /* Build configuration list for PBXProject "ios-sdk-swift-ui-examples-3x" */ = {
			isa = XCConfigurationList;
			buildConfigurations = (
				D80E14AC283B8BD50014FD09 /* Debug */,
				D80E14AD283B8BD50014FD09 /* Release */,
			);
			defaultConfigurationIsVisible = 0;
			defaultConfigurationName = Release;
		};
		D80E14AE283B8BD50014FD09 /* Build configuration list for PBXNativeTarget "ios-sdk-swift-ui-examples-3x" */ = {
			isa = XCConfigurationList;
			buildConfigurations = (
				D80E14AF283B8BD50014FD09 /* Debug */,
				D80E14B0283B8BD50014FD09 /* Release */,
			);
			defaultConfigurationIsVisible = 0;
			defaultConfigurationName = Release;
		};
/* End XCConfigurationList section */

/* Begin XCRemoteSwiftPackageReference section */
		D88DCBFD28461E2B00C97E05 /* XCRemoteSwiftPackageReference "taboola-spm-ios-sdk" */ = {
			isa = XCRemoteSwiftPackageReference;
			repositoryURL = "https://github.com/taboola/taboola-spm-ios-sdk";
			requirement = {
				kind = upToNextMajorVersion;
				minimumVersion = 3.6.3;
			};
		};
/* End XCRemoteSwiftPackageReference section */

/* Begin XCSwiftPackageProductDependency section */
		D88DCBFE28461E2B00C97E05 /* TaboolaSDK */ = {
			isa = XCSwiftPackageProductDependency;
			package = D88DCBFD28461E2B00C97E05 /* XCRemoteSwiftPackageReference "taboola-spm-ios-sdk" */;
			productName = TaboolaSDK;
		};
/* End XCSwiftPackageProductDependency section */
	};
	rootObject = D80E1498283B8BD40014FD09 /* Project object */;
}
