{
  "pins" : [
    {
      "identity" : "taboola-swift-ui-umbrella",
      "kind" : "remoteSourceControl",
      "location" : "https://github.com/taboola/taboola-swift-ui-umbrella",
      "state" : {
        "revision" : "3f37c46e3d3fd32394539ec27ff6aeaa94e128e8",
        "version" : "3.7.0"
      }
    }
  ],
  "version" : 2
}
