{
  "pins" : [
    {
      "identity" : "taboola-swift-ui-umbrella",
      "kind" : "remoteSourceControl",
      "location" : "https://github.com/taboola/taboola-swift-ui-umbrella",
      "state" : {
        "revision" : "ed84bb56c3d4ef0ef59f7b82a2dce921b037a822",
        "version" : "3.7.0"
      }
    }
  ],
  "version" : 2
}
